Microsoft Visual Studio Solution File, Format Version 10.00
# Visual Studio 2008

Project("{99A81D26-AD75-A546-11B4-5831EDC1DBC5}") = "RollingMaze20111125", "Assembly-CSharp-firstpass-vs.csproj", "{E7A98DC4-02CD-348C-1B38-592BA2A61EE4}"
EndProject
Project("{99A81D26-AD75-A546-11B4-5831EDC1DBC5}") = "RollingMaze20111125", "Assembly-CSharp-vs.csproj", "{4EF34D54-335A-617D-2784-5EDEBC294A66}"
EndProject
Global
	GlobalSection(SolutionConfigurationPlatforms) = preSolution
		Debug|Any CPU = Debug|Any CPU
		Release|Any CPU = Release|Any CPU
	EndGlobalSection
	GlobalSection(ProjectConfigurationPlatforms) = postSolution
		{E7A98DC4-02CD-348C-1B38-592BA2A61EE4}.Debug|Any CPU.ActiveCfg = Debug|Any CPU
		{E7A98DC4-02CD-348C-1B38-592BA2A61EE4}.Debug|Any CPU.Build.0 = Debug|Any CPU
		{E7A98DC4-02CD-348C-1B38-592BA2A61EE4}.Release|Any CPU.ActiveCfg = Release|Any CPU
		{E7A98DC4-02CD-348C-1B38-592BA2A61EE4}.Release|Any CPU.Build.0 = Release|Any CPU
		{4EF34D54-335A-617D-2784-5EDEBC294A66}.Debug|Any CPU.ActiveCfg = Debug|Any CPU
		{4EF34D54-335A-617D-2784-5EDEBC294A66}.Debug|Any CPU.Build.0 = Debug|Any CPU
		{4EF34D54-335A-617D-2784-5EDEBC294A66}.Release|Any CPU.ActiveCfg = Release|Any CPU
		{4EF34D54-335A-617D-2784-5EDEBC294A66}.Release|Any CPU.Build.0 = Release|Any CPU
	EndGlobalSection
	GlobalSection(SolutionProperties) = preSolution
		HideSolutionNode = FALSE
	EndGlobalSection
	
EndGlobal
