
Microsoft Visual Studio Solution File, Format Version 11.00
# Visual Studio 2010
Project("{FAE04EC0-301F-11D3-BF4B-00C04F79EFBC}") = "MyBird", "MyBird\MyBird.csproj", "{7D71152B-5F32-4517-ADBD-3AFD48B9C144}"
EndProject
Global
	GlobalSection(SolutionConfigurationPlatforms) = preSolution
		Debug|Any CPU = Debug|Any CPU
		Release|Any CPU = Release|Any CPU
	EndGlobalSection
	GlobalSection(ProjectConfigurationPlatforms) = postSolution
		{7D71152B-5F32-4517-ADBD-3AFD48B9C144}.Debug|Any CPU.ActiveCfg = Debug|Any CPU
		{7D71152B-5F32-4517-ADBD-3AFD48B9C144}.Debug|Any CPU.Build.0 = Debug|Any CPU
		{7D71152B-5F32-4517-ADBD-3AFD48B9C144}.Release|Any CPU.ActiveCfg = Release|Any CPU
		{7D71152B-5F32-4517-ADBD-3AFD48B9C144}.Release|Any CPU.Build.0 = Release|Any CPU
	EndGlobalSection
	GlobalSection(MonoDevelopProperties) = preSolution
		StartupItem = MyBird\MyBird.csproj
	EndGlobalSection
EndGlobal
